
Microsoft Visual Studio Solution File, Format Version 12.00
# Visual Studio 15
VisualStudioVersion = 15.0.28307.645
MinimumVisualStudioVersion = 10.0.40219.1
Project("{9A19103F-16F7-4668-BE54-9A1E7A4F7556}") = "Questionnaire.WEB", "Questionnaire.WEB\Questionnaire.WEB.csproj", "{7EC3E47A-59F5-4CD8-B4FF-4146FB4473EA}"
EndProject
Project("{FAE04EC0-301F-11D3-BF4B-00C04F79EFBC}") = "Questionnaire.Data", "Questionnaire.Data\Questionnaire.Data.csproj", "{C8CE2EC8-86B4-4B0A-8389-CFB149CF4898}"
EndProject
Global
	GlobalSection(SolutionConfigurationPlatforms) = preSolution
		Debug|Any CPU = Debug|Any CPU
		Release|Any CPU = Release|Any CPU
	EndGlobalSection
	GlobalSection(ProjectConfigurationPlatforms) = postSolution
		{7EC3E47A-59F5-4CD8-B4FF-4146FB4473EA}.Debug|Any CPU.ActiveCfg = Debug|Any CPU
		{7EC3E47A-59F5-4CD8-B4FF-4146FB4473EA}.Debug|Any CPU.Build.0 = Debug|Any CPU
		{7EC3E47A-59F5-4CD8-B4FF-4146FB4473EA}.Release|Any CPU.ActiveCfg = Release|Any CPU
		{7EC3E47A-59F5-4CD8-B4FF-4146FB4473EA}.Release|Any CPU.Build.0 = Release|Any CPU
		{C8CE2EC8-86B4-4B0A-8389-CFB149CF4898}.Debug|Any CPU.ActiveCfg = Debug|Any CPU
		{C8CE2EC8-86B4-4B0A-8389-CFB149CF4898}.Debug|Any CPU.Build.0 = Debug|Any CPU
		{C8CE2EC8-86B4-4B0A-8389-CFB149CF4898}.Release|Any CPU.ActiveCfg = Release|Any CPU
		{C8CE2EC8-86B4-4B0A-8389-CFB149CF4898}.Release|Any CPU.Build.0 = Release|Any CPU
	EndGlobalSection
	GlobalSection(SolutionProperties) = preSolution
		HideSolutionNode = FALSE
	EndGlobalSection
	GlobalSection(ExtensibilityGlobals) = postSolution
		SolutionGuid = {6112BECA-FE8A-47B3-8924-31B8BA47D7F1}
	EndGlobalSection
EndGlobal
